
Microsoft Visual Studio Solution File, Format Version 12.00
# Visual Studio Version 16
VisualStudioVersion = 16.0.28803.156
MinimumVisualStudioVersion = 10.0.40219.1
Project("{FAE04EC0-301F-11D3-BF4B-00C04F79EFBC}") = "FactorialCount", "FactorialCount\FactorialCount.csproj", "{869F790E-00C4-4655-A7E2-9DFC0C0F840A}"
EndProject
Project("{FAE04EC0-301F-11D3-BF4B-00C04F79EFBC}") = "BackWord", "BackWord\BackWord.csproj", "{9EF43348-7326-48C1-88D4-6A2BA8AA6E2F}"
EndProject
Project("{FAE04EC0-301F-11D3-BF4B-00C04F79EFBC}") = "FibonacciProblem", "FibonacciProblem\FibonacciProblem.csproj", "{3A80D05A-3F2E-40B3-9F85-03FDE3DD5185}"
EndProject
Project("{FAE04EC0-301F-11D3-BF4B-00C04F79EFBC}") = "CountDigits", "CountDigits\CountDigits.csproj", "{4CE6633A-6539-41F4-A65F-9DBCF8670863}"
EndProject
Project("{FAE04EC0-301F-11D3-BF4B-00C04F79EFBC}") = "LookForANumber", "LookForANumber\LookForANumber.csproj", "{7631346B-FB86-48EB-BB8D-6D9F309CA531}"
EndProject
Project("{FAE04EC0-301F-11D3-BF4B-00C04F79EFBC}") = "FindMax", "FindMax\FindMax.csproj", "{5609BA07-4D28-4435-B193-09DE09D601F6}"
EndProject
Project("{FAE04EC0-301F-11D3-BF4B-00C04F79EFBC}") = "BrnapetCity", "BrnapetCity\BrnapetCity.csproj", "{4E00A7E4-2D76-4B4D-8623-BD046A707A5D}"
EndProject
Project("{FAE04EC0-301F-11D3-BF4B-00C04F79EFBC}") = "HanoiTower", "HanoiTower\HanoiTower.csproj", "{AC0435D3-26BB-4450-8AC5-72D7625FEB8A}"
EndProject
Project("{FAE04EC0-301F-11D3-BF4B-00C04F79EFBC}") = "SelectionSort", "SelectionSort\SelectionSort.csproj", "{20E05961-FDF6-4E72-92B1-998BC5EF3BD0}"
EndProject
Project("{FAE04EC0-301F-11D3-BF4B-00C04F79EFBC}") = "ArrayService", "ArrayService\ArrayService.csproj", "{ACDE83E0-AF2F-47F6-A445-40F8E1951445}"
EndProject
Project("{FAE04EC0-301F-11D3-BF4B-00C04F79EFBC}") = "ConsoleTestApp", "ConsoleTestApp\ConsoleTestApp.csproj", "{64D85E15-510C-4E80-A32E-1E2FD0893A76}"
EndProject
Project("{FAE04EC0-301F-11D3-BF4B-00C04F79EFBC}") = "DLinkedList", "DLinkedList\DLinkedList.csproj", "{CF55F4AB-1C83-4CDE-B4C7-7E1CD306DE12}"
EndProject
Project("{FAE04EC0-301F-11D3-BF4B-00C04F79EFBC}") = "ReverseLinkedListByRecursion", "ReverseLinkedListByRecursion\ReverseLinkedListByRecursion.csproj", "{A3DE0EAB-BAFD-4DA3-A1C4-C4BD4CC15D70}"
EndProject
Project("{FAE04EC0-301F-11D3-BF4B-00C04F79EFBC}") = "LuhnAlgorithm", "LuhnAlgorithm\LuhnAlgorithm.csproj", "{C3D94FB3-154A-4EB7-8CD6-47B4A6628AC2}"
EndProject
Global
	GlobalSection(SolutionConfigurationPlatforms) = preSolution
		Debug|Any CPU = Debug|Any CPU
		Release|Any CPU = Release|Any CPU
	EndGlobalSection
	GlobalSection(ProjectConfigurationPlatforms) = postSolution
		{869F790E-00C4-4655-A7E2-9DFC0C0F840A}.Debug|Any CPU.ActiveCfg = Debug|Any CPU
		{869F790E-00C4-4655-A7E2-9DFC0C0F840A}.Debug|Any CPU.Build.0 = Debug|Any CPU
		{869F790E-00C4-4655-A7E2-9DFC0C0F840A}.Release|Any CPU.ActiveCfg = Release|Any CPU
		{869F790E-00C4-4655-A7E2-9DFC0C0F840A}.Release|Any CPU.Build.0 = Release|Any CPU
		{9EF43348-7326-48C1-88D4-6A2BA8AA6E2F}.Debug|Any CPU.ActiveCfg = Debug|Any CPU
		{9EF43348-7326-48C1-88D4-6A2BA8AA6E2F}.Debug|Any CPU.Build.0 = Debug|Any CPU
		{9EF43348-7326-48C1-88D4-6A2BA8AA6E2F}.Release|Any CPU.ActiveCfg = Release|Any CPU
		{9EF43348-7326-48C1-88D4-6A2BA8AA6E2F}.Release|Any CPU.Build.0 = Release|Any CPU
		{3A80D05A-3F2E-40B3-9F85-03FDE3DD5185}.Debug|Any CPU.ActiveCfg = Debug|Any CPU
		{3A80D05A-3F2E-40B3-9F85-03FDE3DD5185}.Debug|Any CPU.Build.0 = Debug|Any CPU
		{3A80D05A-3F2E-40B3-9F85-03FDE3DD5185}.Release|Any CPU.ActiveCfg = Release|Any CPU
		{3A80D05A-3F2E-40B3-9F85-03FDE3DD5185}.Release|Any CPU.Build.0 = Release|Any CPU
		{4CE6633A-6539-41F4-A65F-9DBCF8670863}.Debug|Any CPU.ActiveCfg = Debug|Any CPU
		{4CE6633A-6539-41F4-A65F-9DBCF8670863}.Debug|Any CPU.Build.0 = Debug|Any CPU
		{4CE6633A-6539-41F4-A65F-9DBCF8670863}.Release|Any CPU.ActiveCfg = Release|Any CPU
		{4CE6633A-6539-41F4-A65F-9DBCF8670863}.Release|Any CPU.Build.0 = Release|Any CPU
		{7631346B-FB86-48EB-BB8D-6D9F309CA531}.Debug|Any CPU.ActiveCfg = Debug|Any CPU
		{7631346B-FB86-48EB-BB8D-6D9F309CA531}.Debug|Any CPU.Build.0 = Debug|Any CPU
		{7631346B-FB86-48EB-BB8D-6D9F309CA531}.Release|Any CPU.ActiveCfg = Release|Any CPU
		{7631346B-FB86-48EB-BB8D-6D9F309CA531}.Release|Any CPU.Build.0 = Release|Any CPU
		{5609BA07-4D28-4435-B193-09DE09D601F6}.Debug|Any CPU.ActiveCfg = Debug|Any CPU
		{5609BA07-4D28-4435-B193-09DE09D601F6}.Debug|Any CPU.Build.0 = Debug|Any CPU
		{5609BA07-4D28-4435-B193-09DE09D601F6}.Release|Any CPU.ActiveCfg = Release|Any CPU
		{5609BA07-4D28-4435-B193-09DE09D601F6}.Release|Any CPU.Build.0 = Release|Any CPU
		{4E00A7E4-2D76-4B4D-8623-BD046A707A5D}.Debug|Any CPU.ActiveCfg = Debug|Any CPU
		{4E00A7E4-2D76-4B4D-8623-BD046A707A5D}.Debug|Any CPU.Build.0 = Debug|Any CPU
		{4E00A7E4-2D76-4B4D-8623-BD046A707A5D}.Release|Any CPU.ActiveCfg = Release|Any CPU
		{4E00A7E4-2D76-4B4D-8623-BD046A707A5D}.Release|Any CPU.Build.0 = Release|Any CPU
		{AC0435D3-26BB-4450-8AC5-72D7625FEB8A}.Debug|Any CPU.ActiveCfg = Debug|Any CPU
		{AC0435D3-26BB-4450-8AC5-72D7625FEB8A}.Debug|Any CPU.Build.0 = Debug|Any CPU
		{AC0435D3-26BB-4450-8AC5-72D7625FEB8A}.Release|Any CPU.ActiveCfg = Release|Any CPU
		{AC0435D3-26BB-4450-8AC5-72D7625FEB8A}.Release|Any CPU.Build.0 = Release|Any CPU
		{20E05961-FDF6-4E72-92B1-998BC5EF3BD0}.Debug|Any CPU.ActiveCfg = Debug|Any CPU
		{20E05961-FDF6-4E72-92B1-998BC5EF3BD0}.Debug|Any CPU.Build.0 = Debug|Any CPU
		{20E05961-FDF6-4E72-92B1-998BC5EF3BD0}.Release|Any CPU.ActiveCfg = Release|Any CPU
		{20E05961-FDF6-4E72-92B1-998BC5EF3BD0}.Release|Any CPU.Build.0 = Release|Any CPU
		{ACDE83E0-AF2F-47F6-A445-40F8E1951445}.Debug|Any CPU.ActiveCfg = Debug|Any CPU
		{ACDE83E0-AF2F-47F6-A445-40F8E1951445}.Debug|Any CPU.Build.0 = Debug|Any CPU
		{ACDE83E0-AF2F-47F6-A445-40F8E1951445}.Release|Any CPU.ActiveCfg = Release|Any CPU
		{ACDE83E0-AF2F-47F6-A445-40F8E1951445}.Release|Any CPU.Build.0 = Release|Any CPU
		{64D85E15-510C-4E80-A32E-1E2FD0893A76}.Debug|Any CPU.ActiveCfg = Debug|Any CPU
		{64D85E15-510C-4E80-A32E-1E2FD0893A76}.Debug|Any CPU.Build.0 = Debug|Any CPU
		{64D85E15-510C-4E80-A32E-1E2FD0893A76}.Release|Any CPU.ActiveCfg = Release|Any CPU
		{64D85E15-510C-4E80-A32E-1E2FD0893A76}.Release|Any CPU.Build.0 = Release|Any CPU
		{CF55F4AB-1C83-4CDE-B4C7-7E1CD306DE12}.Debug|Any CPU.ActiveCfg = Debug|Any CPU
		{CF55F4AB-1C83-4CDE-B4C7-7E1CD306DE12}.Debug|Any CPU.Build.0 = Debug|Any CPU
		{CF55F4AB-1C83-4CDE-B4C7-7E1CD306DE12}.Release|Any CPU.ActiveCfg = Release|Any CPU
		{CF55F4AB-1C83-4CDE-B4C7-7E1CD306DE12}.Release|Any CPU.Build.0 = Release|Any CPU
		{A3DE0EAB-BAFD-4DA3-A1C4-C4BD4CC15D70}.Debug|Any CPU.ActiveCfg = Debug|Any CPU
		{A3DE0EAB-BAFD-4DA3-A1C4-C4BD4CC15D70}.Debug|Any CPU.Build.0 = Debug|Any CPU
		{A3DE0EAB-BAFD-4DA3-A1C4-C4BD4CC15D70}.Release|Any CPU.ActiveCfg = Release|Any CPU
		{A3DE0EAB-BAFD-4DA3-A1C4-C4BD4CC15D70}.Release|Any CPU.Build.0 = Release|Any CPU
		{C3D94FB3-154A-4EB7-8CD6-47B4A6628AC2}.Debug|Any CPU.ActiveCfg = Debug|Any CPU
		{C3D94FB3-154A-4EB7-8CD6-47B4A6628AC2}.Debug|Any CPU.Build.0 = Debug|Any CPU
		{C3D94FB3-154A-4EB7-8CD6-47B4A6628AC2}.Release|Any CPU.ActiveCfg = Release|Any CPU
		{C3D94FB3-154A-4EB7-8CD6-47B4A6628AC2}.Release|Any CPU.Build.0 = Release|Any CPU
	EndGlobalSection
	GlobalSection(SolutionProperties) = preSolution
		HideSolutionNode = FALSE
	EndGlobalSection
	GlobalSection(ExtensibilityGlobals) = postSolution
		SolutionGuid = {C7B3CEBD-0A70-4E28-A652-9D07959D0984}
	EndGlobalSection
EndGlobal
