
Microsoft Visual Studio Solution File, Format Version 12.00
# Visual Studio 14
VisualStudioVersion = 14.0.25420.1
MinimumVisualStudioVersion = 10.0.40219.1
Project("{FAE04EC0-301F-11D3-BF4B-00C04F79EFBC}") = "Arrays Left Rotation", "Arrays Left Rotation\Arrays Left Rotation.csproj", "{30DBACF8-CA13-444C-A128-9671D7235795}"
EndProject
Project("{FAE04EC0-301F-11D3-BF4B-00C04F79EFBC}") = "Strings Making Anagrams", "Strings Making Anagrams\Strings Making Anagrams.csproj", "{73BC1AA4-D029-486F-B424-3A193070FCE5}"
EndProject
Project("{FAE04EC0-301F-11D3-BF4B-00C04F79EFBC}") = "Stacks Balanced Brackets", "Stacks Balanced Brackets\Stacks Balanced Brackets.csproj", "{474DF233-743C-4505-B25A-C9F4A6B10B28}"
EndProject
Project("{FAE04EC0-301F-11D3-BF4B-00C04F79EFBC}") = "Hash Tables Ransom Note", "Hash Tables Ransom Note\Hash Tables Ransom Note.csproj", "{2CFFD1C7-39A6-45F1-8A8F-63300A4A3B3C}"
EndProject
Project("{FAE04EC0-301F-11D3-BF4B-00C04F79EFBC}") = "Circular Array Rotation", "Circular Array Rotation\Circular Array Rotation.csproj", "{DA51AF22-E525-4A10-AEC7-24C7517ABD02}"
EndProject
Project("{FAE04EC0-301F-11D3-BF4B-00C04F79EFBC}") = "Designer PDF Viewer", "Designer PDF Viewer\Designer PDF Viewer.csproj", "{734DA94E-4D58-4069-925F-0B0C5D02339A}"
EndProject
Project("{FAE04EC0-301F-11D3-BF4B-00C04F79EFBC}") = "Sock Merchant", "Sock Merchant\Sock Merchant.csproj", "{3B54A862-771C-470D-A35C-6F140A3FE653}"
EndProject
Project("{FAE04EC0-301F-11D3-BF4B-00C04F79EFBC}") = "Larry Array", "Larry Array\Larry Array.csproj", "{92E33AAD-01DA-4F6E-812F-07B6AFD8BECF}"
EndProject
Global
	GlobalSection(SolutionConfigurationPlatforms) = preSolution
		Debug|Any CPU = Debug|Any CPU
		Release|Any CPU = Release|Any CPU
	EndGlobalSection
	GlobalSection(ProjectConfigurationPlatforms) = postSolution
		{30DBACF8-CA13-444C-A128-9671D7235795}.Debug|Any CPU.ActiveCfg = Debug|Any CPU
		{30DBACF8-CA13-444C-A128-9671D7235795}.Debug|Any CPU.Build.0 = Debug|Any CPU
		{30DBACF8-CA13-444C-A128-9671D7235795}.Release|Any CPU.ActiveCfg = Release|Any CPU
		{30DBACF8-CA13-444C-A128-9671D7235795}.Release|Any CPU.Build.0 = Release|Any CPU
		{73BC1AA4-D029-486F-B424-3A193070FCE5}.Debug|Any CPU.ActiveCfg = Debug|Any CPU
		{73BC1AA4-D029-486F-B424-3A193070FCE5}.Debug|Any CPU.Build.0 = Debug|Any CPU
		{73BC1AA4-D029-486F-B424-3A193070FCE5}.Release|Any CPU.ActiveCfg = Release|Any CPU
		{73BC1AA4-D029-486F-B424-3A193070FCE5}.Release|Any CPU.Build.0 = Release|Any CPU
		{474DF233-743C-4505-B25A-C9F4A6B10B28}.Debug|Any CPU.ActiveCfg = Debug|Any CPU
		{474DF233-743C-4505-B25A-C9F4A6B10B28}.Debug|Any CPU.Build.0 = Debug|Any CPU
		{474DF233-743C-4505-B25A-C9F4A6B10B28}.Release|Any CPU.ActiveCfg = Release|Any CPU
		{474DF233-743C-4505-B25A-C9F4A6B10B28}.Release|Any CPU.Build.0 = Release|Any CPU
		{2CFFD1C7-39A6-45F1-8A8F-63300A4A3B3C}.Debug|Any CPU.ActiveCfg = Debug|Any CPU
		{2CFFD1C7-39A6-45F1-8A8F-63300A4A3B3C}.Debug|Any CPU.Build.0 = Debug|Any CPU
		{2CFFD1C7-39A6-45F1-8A8F-63300A4A3B3C}.Release|Any CPU.ActiveCfg = Release|Any CPU
		{2CFFD1C7-39A6-45F1-8A8F-63300A4A3B3C}.Release|Any CPU.Build.0 = Release|Any CPU
		{DA51AF22-E525-4A10-AEC7-24C7517ABD02}.Debug|Any CPU.ActiveCfg = Debug|Any CPU
		{DA51AF22-E525-4A10-AEC7-24C7517ABD02}.Debug|Any CPU.Build.0 = Debug|Any CPU
		{DA51AF22-E525-4A10-AEC7-24C7517ABD02}.Release|Any CPU.ActiveCfg = Release|Any CPU
		{DA51AF22-E525-4A10-AEC7-24C7517ABD02}.Release|Any CPU.Build.0 = Release|Any CPU
		{734DA94E-4D58-4069-925F-0B0C5D02339A}.Debug|Any CPU.ActiveCfg = Debug|Any CPU
		{734DA94E-4D58-4069-925F-0B0C5D02339A}.Debug|Any CPU.Build.0 = Debug|Any CPU
		{734DA94E-4D58-4069-925F-0B0C5D02339A}.Release|Any CPU.ActiveCfg = Release|Any CPU
		{734DA94E-4D58-4069-925F-0B0C5D02339A}.Release|Any CPU.Build.0 = Release|Any CPU
		{3B54A862-771C-470D-A35C-6F140A3FE653}.Debug|Any CPU.ActiveCfg = Debug|Any CPU
		{3B54A862-771C-470D-A35C-6F140A3FE653}.Debug|Any CPU.Build.0 = Debug|Any CPU
		{3B54A862-771C-470D-A35C-6F140A3FE653}.Release|Any CPU.ActiveCfg = Release|Any CPU
		{3B54A862-771C-470D-A35C-6F140A3FE653}.Release|Any CPU.Build.0 = Release|Any CPU
		{92E33AAD-01DA-4F6E-812F-07B6AFD8BECF}.Debug|Any CPU.ActiveCfg = Debug|Any CPU
		{92E33AAD-01DA-4F6E-812F-07B6AFD8BECF}.Debug|Any CPU.Build.0 = Debug|Any CPU
		{92E33AAD-01DA-4F6E-812F-07B6AFD8BECF}.Release|Any CPU.ActiveCfg = Release|Any CPU
		{92E33AAD-01DA-4F6E-812F-07B6AFD8BECF}.Release|Any CPU.Build.0 = Release|Any CPU
	EndGlobalSection
	GlobalSection(SolutionProperties) = preSolution
		HideSolutionNode = FALSE
	EndGlobalSection
EndGlobal
