
Microsoft Visual Studio Solution File, Format Version 12.00
# Visual Studio 15
VisualStudioVersion = 15.0.27428.2005
MinimumVisualStudioVersion = 10.0.40219.1
Project("{9A19103F-16F7-4668-BE54-9A1E7A4F7556}") = "TestConsoleApp", "TestConsoleApp\TestConsoleApp.csproj", "{AAB1DF77-EA62-4FCB-9D0E-E4F26FC0EEC8}"
EndProject
Project("{FAE04EC0-301F-11D3-BF4B-00C04F79EFBC}") = "TestWebApp", "TestWebApp\TestWebApp.csproj", "{07B33A66-8EFE-4997-8717-B89112D04A66}"
EndProject
Global
	GlobalSection(SolutionConfigurationPlatforms) = preSolution
		Debug|Any CPU = Debug|Any CPU
		Release|Any CPU = Release|Any CPU
	EndGlobalSection
	GlobalSection(ProjectConfigurationPlatforms) = postSolution
		{AAB1DF77-EA62-4FCB-9D0E-E4F26FC0EEC8}.Debug|Any CPU.ActiveCfg = Debug|Any CPU
		{AAB1DF77-EA62-4FCB-9D0E-E4F26FC0EEC8}.Debug|Any CPU.Build.0 = Debug|Any CPU
		{AAB1DF77-EA62-4FCB-9D0E-E4F26FC0EEC8}.Release|Any CPU.ActiveCfg = Release|Any CPU
		{AAB1DF77-EA62-4FCB-9D0E-E4F26FC0EEC8}.Release|Any CPU.Build.0 = Release|Any CPU
		{07B33A66-8EFE-4997-8717-B89112D04A66}.Debug|Any CPU.ActiveCfg = Debug|Any CPU
		{07B33A66-8EFE-4997-8717-B89112D04A66}.Debug|Any CPU.Build.0 = Debug|Any CPU
		{07B33A66-8EFE-4997-8717-B89112D04A66}.Release|Any CPU.ActiveCfg = Release|Any CPU
		{07B33A66-8EFE-4997-8717-B89112D04A66}.Release|Any CPU.Build.0 = Release|Any CPU
	EndGlobalSection
	GlobalSection(SolutionProperties) = preSolution
		HideSolutionNode = FALSE
	EndGlobalSection
	GlobalSection(ExtensibilityGlobals) = postSolution
		SolutionGuid = {719EEEDB-37FD-4DAB-8996-F6BD8F5A5AEA}
	EndGlobalSection
EndGlobal
