
Microsoft Visual Studio Solution File, Format Version 12.00
# Visual Studio 15
VisualStudioVersion = 15.0.27004.2006
MinimumVisualStudioVersion = 10.0.40219.1
Project("{888888A0-9F3D-457C-B088-3A5042F75D52}") = "Vectors", "Vectors\Vectors.pyproj", "{47CF2542-055F-4875-83A7-8CEC09912E4B}"
EndProject
Project("{888888A0-9F3D-457C-B088-3A5042F75D52}") = "ChartsTest", "ChartsTest\ChartsTest.pyproj", "{BB17FD8D-4DB1-4332-82DF-DE78C671DB31}"
EndProject
Global
	GlobalSection(SolutionConfigurationPlatforms) = preSolution
		Debug|Any CPU = Debug|Any CPU
		Release|Any CPU = Release|Any CPU
	EndGlobalSection
	GlobalSection(ProjectConfigurationPlatforms) = postSolution
		{47CF2542-055F-4875-83A7-8CEC09912E4B}.Debug|Any CPU.ActiveCfg = Debug|Any CPU
		{47CF2542-055F-4875-83A7-8CEC09912E4B}.Release|Any CPU.ActiveCfg = Release|Any CPU
		{BB17FD8D-4DB1-4332-82DF-DE78C671DB31}.Debug|Any CPU.ActiveCfg = Debug|Any CPU
		{BB17FD8D-4DB1-4332-82DF-DE78C671DB31}.Release|Any CPU.ActiveCfg = Release|Any CPU
	EndGlobalSection
	GlobalSection(SolutionProperties) = preSolution
		HideSolutionNode = FALSE
	EndGlobalSection
	GlobalSection(ExtensibilityGlobals) = postSolution
		SolutionGuid = {2F8DD97F-DBB0-477E-9E91-7A031D0C4A90}
	EndGlobalSection
EndGlobal
