
Microsoft Visual Studio Solution File, Format Version 12.00
# Visual Studio 15
VisualStudioVersion = 15.0.27004.2009
MinimumVisualStudioVersion = 10.0.40219.1
Project("{FAE04EC0-301F-11D3-BF4B-00C04F79EFBC}") = "ApplicationErrorCode", "ApplicationErrorCode\ApplicationErrorCode.csproj", "{67A40462-906D-46CC-B602-89DA0AD25785}"
EndProject
Project("{FAE04EC0-301F-11D3-BF4B-00C04F79EFBC}") = "CommandLineArguments", "CommandLineArguments\CommandLineArguments.csproj", "{1E71E39C-4F36-4B09-B206-4F2CE35E91D3}"
EndProject
Project("{FAE04EC0-301F-11D3-BF4B-00C04F79EFBC}") = "FormattingNumericalData", "FormattingNumericalData\FormattingNumericalData.csproj", "{24D74AC4-2B20-420D-98F3-6861CFED857B}"
EndProject
Project("{FAE04EC0-301F-11D3-BF4B-00C04F79EFBC}") = "GetNumberWithoutConvertOrParse", "GetNumberWithoutConvertOrParse\GetNumberWithoutConvertOrParse.csproj", "{396BB6E8-7DFD-4244-B95D-BC28D8BD99E4}"
EndProject
Project("{FAE04EC0-301F-11D3-BF4B-00C04F79EFBC}") = "GoBot", "GoBot\GoBot.csproj", "{6D2D133A-3E0B-4860-B269-F192DC142999}"
EndProject
Project("{FAE04EC0-301F-11D3-BF4B-00C04F79EFBC}") = "Dices", "Dices\Dices.csproj", "{6EC4911D-DF67-4E36-BD60-B271BE4D198A}"
EndProject
Project("{FAE04EC0-301F-11D3-BF4B-00C04F79EFBC}") = "MultiplyBigIntegers", "MultiplyBigIntegers\MultiplyBigIntegers.csproj", "{2A781C37-6EB2-4DFF-BB69-912492093343}"
EndProject
Project("{FAE04EC0-301F-11D3-BF4B-00C04F79EFBC}") = "TestsOfAllKinds", "TestsOfAllKinds\TestsOfAllKinds.csproj", "{2327BE12-F0EC-4FB8-B410-B5020F11B351}"
EndProject
Project("{FAE04EC0-301F-11D3-BF4B-00C04F79EFBC}") = "Template", "Template\Template.csproj", "{7D4966B8-3F18-48D9-ABC2-5A19E3FAF4C6}"
EndProject
Project("{FAE04EC0-301F-11D3-BF4B-00C04F79EFBC}") = "DattoBot", "DattoBot\DattoBot.csproj", "{078740D4-17FD-4D72-863C-BF0F50175157}"
EndProject
Project("{FAE04EC0-301F-11D3-BF4B-00C04F79EFBC}") = "FirstService", "FirstService\FirstService.csproj", "{0B0B8513-26B2-470A-9489-A9A11FF71314}"
EndProject
Project("{888888A0-9F3D-457C-B088-3A5042F75D52}") = "TestPython", "TestPython\TestPython.pyproj", "{7E49F90A-5E69-4BE7-B15C-9BF3C87FBB18}"
EndProject
Project("{FAE04EC0-301F-11D3-BF4B-00C04F79EFBC}") = "Reminder_for_Van", "Reminder_for_Van\Reminder_for_Van.csproj", "{47304BB2-56C2-4284-9047-393E1DB9C21F}"
EndProject
Project("{FAE04EC0-301F-11D3-BF4B-00C04F79EFBC}") = "Test1", "Test1\Test1.csproj", "{656E01A5-725D-4164-8850-04A3CDD8E3B2}"
EndProject
Global
	GlobalSection(SolutionConfigurationPlatforms) = preSolution
		Debug|Any CPU = Debug|Any CPU
		Debug|x86 = Debug|x86
		Release|Any CPU = Release|Any CPU
		Release|x86 = Release|x86
	EndGlobalSection
	GlobalSection(ProjectConfigurationPlatforms) = postSolution
		{67A40462-906D-46CC-B602-89DA0AD25785}.Debug|Any CPU.ActiveCfg = Debug|Any CPU
		{67A40462-906D-46CC-B602-89DA0AD25785}.Debug|Any CPU.Build.0 = Debug|Any CPU
		{67A40462-906D-46CC-B602-89DA0AD25785}.Debug|x86.ActiveCfg = Debug|Any CPU
		{67A40462-906D-46CC-B602-89DA0AD25785}.Debug|x86.Build.0 = Debug|Any CPU
		{67A40462-906D-46CC-B602-89DA0AD25785}.Release|Any CPU.ActiveCfg = Release|Any CPU
		{67A40462-906D-46CC-B602-89DA0AD25785}.Release|Any CPU.Build.0 = Release|Any CPU
		{67A40462-906D-46CC-B602-89DA0AD25785}.Release|x86.ActiveCfg = Release|Any CPU
		{67A40462-906D-46CC-B602-89DA0AD25785}.Release|x86.Build.0 = Release|Any CPU
		{1E71E39C-4F36-4B09-B206-4F2CE35E91D3}.Debug|Any CPU.ActiveCfg = Debug|Any CPU
		{1E71E39C-4F36-4B09-B206-4F2CE35E91D3}.Debug|Any CPU.Build.0 = Debug|Any CPU
		{1E71E39C-4F36-4B09-B206-4F2CE35E91D3}.Debug|x86.ActiveCfg = Debug|Any CPU
		{1E71E39C-4F36-4B09-B206-4F2CE35E91D3}.Debug|x86.Build.0 = Debug|Any CPU
		{1E71E39C-4F36-4B09-B206-4F2CE35E91D3}.Release|Any CPU.ActiveCfg = Release|Any CPU
		{1E71E39C-4F36-4B09-B206-4F2CE35E91D3}.Release|Any CPU.Build.0 = Release|Any CPU
		{1E71E39C-4F36-4B09-B206-4F2CE35E91D3}.Release|x86.ActiveCfg = Release|Any CPU
		{1E71E39C-4F36-4B09-B206-4F2CE35E91D3}.Release|x86.Build.0 = Release|Any CPU
		{24D74AC4-2B20-420D-98F3-6861CFED857B}.Debug|Any CPU.ActiveCfg = Debug|Any CPU
		{24D74AC4-2B20-420D-98F3-6861CFED857B}.Debug|Any CPU.Build.0 = Debug|Any CPU
		{24D74AC4-2B20-420D-98F3-6861CFED857B}.Debug|x86.ActiveCfg = Debug|Any CPU
		{24D74AC4-2B20-420D-98F3-6861CFED857B}.Debug|x86.Build.0 = Debug|Any CPU
		{24D74AC4-2B20-420D-98F3-6861CFED857B}.Release|Any CPU.ActiveCfg = Release|Any CPU
		{24D74AC4-2B20-420D-98F3-6861CFED857B}.Release|Any CPU.Build.0 = Release|Any CPU
		{24D74AC4-2B20-420D-98F3-6861CFED857B}.Release|x86.ActiveCfg = Release|Any CPU
		{24D74AC4-2B20-420D-98F3-6861CFED857B}.Release|x86.Build.0 = Release|Any CPU
		{396BB6E8-7DFD-4244-B95D-BC28D8BD99E4}.Debug|Any CPU.ActiveCfg = Debug|Any CPU
		{396BB6E8-7DFD-4244-B95D-BC28D8BD99E4}.Debug|Any CPU.Build.0 = Debug|Any CPU
		{396BB6E8-7DFD-4244-B95D-BC28D8BD99E4}.Debug|x86.ActiveCfg = Debug|Any CPU
		{396BB6E8-7DFD-4244-B95D-BC28D8BD99E4}.Debug|x86.Build.0 = Debug|Any CPU
		{396BB6E8-7DFD-4244-B95D-BC28D8BD99E4}.Release|Any CPU.ActiveCfg = Release|Any CPU
		{396BB6E8-7DFD-4244-B95D-BC28D8BD99E4}.Release|Any CPU.Build.0 = Release|Any CPU
		{396BB6E8-7DFD-4244-B95D-BC28D8BD99E4}.Release|x86.ActiveCfg = Release|Any CPU
		{396BB6E8-7DFD-4244-B95D-BC28D8BD99E4}.Release|x86.Build.0 = Release|Any CPU
		{6D2D133A-3E0B-4860-B269-F192DC142999}.Debug|Any CPU.ActiveCfg = Debug|Any CPU
		{6D2D133A-3E0B-4860-B269-F192DC142999}.Debug|Any CPU.Build.0 = Debug|Any CPU
		{6D2D133A-3E0B-4860-B269-F192DC142999}.Debug|x86.ActiveCfg = Debug|Any CPU
		{6D2D133A-3E0B-4860-B269-F192DC142999}.Debug|x86.Build.0 = Debug|Any CPU
		{6D2D133A-3E0B-4860-B269-F192DC142999}.Release|Any CPU.ActiveCfg = Release|Any CPU
		{6D2D133A-3E0B-4860-B269-F192DC142999}.Release|Any CPU.Build.0 = Release|Any CPU
		{6D2D133A-3E0B-4860-B269-F192DC142999}.Release|x86.ActiveCfg = Release|Any CPU
		{6D2D133A-3E0B-4860-B269-F192DC142999}.Release|x86.Build.0 = Release|Any CPU
		{6EC4911D-DF67-4E36-BD60-B271BE4D198A}.Debug|Any CPU.ActiveCfg = Debug|Any CPU
		{6EC4911D-DF67-4E36-BD60-B271BE4D198A}.Debug|Any CPU.Build.0 = Debug|Any CPU
		{6EC4911D-DF67-4E36-BD60-B271BE4D198A}.Debug|x86.ActiveCfg = Debug|Any CPU
		{6EC4911D-DF67-4E36-BD60-B271BE4D198A}.Debug|x86.Build.0 = Debug|Any CPU
		{6EC4911D-DF67-4E36-BD60-B271BE4D198A}.Release|Any CPU.ActiveCfg = Release|Any CPU
		{6EC4911D-DF67-4E36-BD60-B271BE4D198A}.Release|Any CPU.Build.0 = Release|Any CPU
		{6EC4911D-DF67-4E36-BD60-B271BE4D198A}.Release|x86.ActiveCfg = Release|Any CPU
		{6EC4911D-DF67-4E36-BD60-B271BE4D198A}.Release|x86.Build.0 = Release|Any CPU
		{2A781C37-6EB2-4DFF-BB69-912492093343}.Debug|Any CPU.ActiveCfg = Debug|Any CPU
		{2A781C37-6EB2-4DFF-BB69-912492093343}.Debug|Any CPU.Build.0 = Debug|Any CPU
		{2A781C37-6EB2-4DFF-BB69-912492093343}.Debug|x86.ActiveCfg = Debug|Any CPU
		{2A781C37-6EB2-4DFF-BB69-912492093343}.Debug|x86.Build.0 = Debug|Any CPU
		{2A781C37-6EB2-4DFF-BB69-912492093343}.Release|Any CPU.ActiveCfg = Release|Any CPU
		{2A781C37-6EB2-4DFF-BB69-912492093343}.Release|Any CPU.Build.0 = Release|Any CPU
		{2A781C37-6EB2-4DFF-BB69-912492093343}.Release|x86.ActiveCfg = Release|Any CPU
		{2A781C37-6EB2-4DFF-BB69-912492093343}.Release|x86.Build.0 = Release|Any CPU
		{2327BE12-F0EC-4FB8-B410-B5020F11B351}.Debug|Any CPU.ActiveCfg = Debug|Any CPU
		{2327BE12-F0EC-4FB8-B410-B5020F11B351}.Debug|Any CPU.Build.0 = Debug|Any CPU
		{2327BE12-F0EC-4FB8-B410-B5020F11B351}.Debug|x86.ActiveCfg = Debug|Any CPU
		{2327BE12-F0EC-4FB8-B410-B5020F11B351}.Debug|x86.Build.0 = Debug|Any CPU
		{2327BE12-F0EC-4FB8-B410-B5020F11B351}.Release|Any CPU.ActiveCfg = Release|Any CPU
		{2327BE12-F0EC-4FB8-B410-B5020F11B351}.Release|Any CPU.Build.0 = Release|Any CPU
		{2327BE12-F0EC-4FB8-B410-B5020F11B351}.Release|x86.ActiveCfg = Release|Any CPU
		{2327BE12-F0EC-4FB8-B410-B5020F11B351}.Release|x86.Build.0 = Release|Any CPU
		{7D4966B8-3F18-48D9-ABC2-5A19E3FAF4C6}.Debug|Any CPU.ActiveCfg = Debug|Any CPU
		{7D4966B8-3F18-48D9-ABC2-5A19E3FAF4C6}.Debug|Any CPU.Build.0 = Debug|Any CPU
		{7D4966B8-3F18-48D9-ABC2-5A19E3FAF4C6}.Debug|x86.ActiveCfg = Debug|Any CPU
		{7D4966B8-3F18-48D9-ABC2-5A19E3FAF4C6}.Debug|x86.Build.0 = Debug|Any CPU
		{7D4966B8-3F18-48D9-ABC2-5A19E3FAF4C6}.Release|Any CPU.ActiveCfg = Release|Any CPU
		{7D4966B8-3F18-48D9-ABC2-5A19E3FAF4C6}.Release|Any CPU.Build.0 = Release|Any CPU
		{7D4966B8-3F18-48D9-ABC2-5A19E3FAF4C6}.Release|x86.ActiveCfg = Release|Any CPU
		{7D4966B8-3F18-48D9-ABC2-5A19E3FAF4C6}.Release|x86.Build.0 = Release|Any CPU
		{078740D4-17FD-4D72-863C-BF0F50175157}.Debug|Any CPU.ActiveCfg = Debug|Any CPU
		{078740D4-17FD-4D72-863C-BF0F50175157}.Debug|Any CPU.Build.0 = Debug|Any CPU
		{078740D4-17FD-4D72-863C-BF0F50175157}.Debug|x86.ActiveCfg = Debug|Any CPU
		{078740D4-17FD-4D72-863C-BF0F50175157}.Debug|x86.Build.0 = Debug|Any CPU
		{078740D4-17FD-4D72-863C-BF0F50175157}.Release|Any CPU.ActiveCfg = Release|Any CPU
		{078740D4-17FD-4D72-863C-BF0F50175157}.Release|Any CPU.Build.0 = Release|Any CPU
		{078740D4-17FD-4D72-863C-BF0F50175157}.Release|x86.ActiveCfg = Release|Any CPU
		{078740D4-17FD-4D72-863C-BF0F50175157}.Release|x86.Build.0 = Release|Any CPU
		{0B0B8513-26B2-470A-9489-A9A11FF71314}.Debug|Any CPU.ActiveCfg = Debug|Any CPU
		{0B0B8513-26B2-470A-9489-A9A11FF71314}.Debug|Any CPU.Build.0 = Debug|Any CPU
		{0B0B8513-26B2-470A-9489-A9A11FF71314}.Debug|x86.ActiveCfg = Debug|Any CPU
		{0B0B8513-26B2-470A-9489-A9A11FF71314}.Debug|x86.Build.0 = Debug|Any CPU
		{0B0B8513-26B2-470A-9489-A9A11FF71314}.Release|Any CPU.ActiveCfg = Release|Any CPU
		{0B0B8513-26B2-470A-9489-A9A11FF71314}.Release|Any CPU.Build.0 = Release|Any CPU
		{0B0B8513-26B2-470A-9489-A9A11FF71314}.Release|x86.ActiveCfg = Release|Any CPU
		{0B0B8513-26B2-470A-9489-A9A11FF71314}.Release|x86.Build.0 = Release|Any CPU
		{7E49F90A-5E69-4BE7-B15C-9BF3C87FBB18}.Debug|Any CPU.ActiveCfg = Debug|Any CPU
		{7E49F90A-5E69-4BE7-B15C-9BF3C87FBB18}.Debug|x86.ActiveCfg = Debug|Any CPU
		{7E49F90A-5E69-4BE7-B15C-9BF3C87FBB18}.Release|Any CPU.ActiveCfg = Release|Any CPU
		{7E49F90A-5E69-4BE7-B15C-9BF3C87FBB18}.Release|x86.ActiveCfg = Release|Any CPU
		{47304BB2-56C2-4284-9047-393E1DB9C21F}.Debug|Any CPU.ActiveCfg = Debug|Any CPU
		{47304BB2-56C2-4284-9047-393E1DB9C21F}.Debug|Any CPU.Build.0 = Debug|Any CPU
		{47304BB2-56C2-4284-9047-393E1DB9C21F}.Debug|x86.ActiveCfg = Debug|Any CPU
		{47304BB2-56C2-4284-9047-393E1DB9C21F}.Debug|x86.Build.0 = Debug|Any CPU
		{47304BB2-56C2-4284-9047-393E1DB9C21F}.Release|Any CPU.ActiveCfg = Release|Any CPU
		{47304BB2-56C2-4284-9047-393E1DB9C21F}.Release|Any CPU.Build.0 = Release|Any CPU
		{47304BB2-56C2-4284-9047-393E1DB9C21F}.Release|x86.ActiveCfg = Release|Any CPU
		{47304BB2-56C2-4284-9047-393E1DB9C21F}.Release|x86.Build.0 = Release|Any CPU
		{656E01A5-725D-4164-8850-04A3CDD8E3B2}.Debug|Any CPU.ActiveCfg = Debug|Any CPU
		{656E01A5-725D-4164-8850-04A3CDD8E3B2}.Debug|Any CPU.Build.0 = Debug|Any CPU
		{656E01A5-725D-4164-8850-04A3CDD8E3B2}.Debug|x86.ActiveCfg = Debug|Any CPU
		{656E01A5-725D-4164-8850-04A3CDD8E3B2}.Debug|x86.Build.0 = Debug|Any CPU
		{656E01A5-725D-4164-8850-04A3CDD8E3B2}.Release|Any CPU.ActiveCfg = Release|Any CPU
		{656E01A5-725D-4164-8850-04A3CDD8E3B2}.Release|Any CPU.Build.0 = Release|Any CPU
		{656E01A5-725D-4164-8850-04A3CDD8E3B2}.Release|x86.ActiveCfg = Release|Any CPU
		{656E01A5-725D-4164-8850-04A3CDD8E3B2}.Release|x86.Build.0 = Release|Any CPU
	EndGlobalSection
	GlobalSection(SolutionProperties) = preSolution
		HideSolutionNode = FALSE
	EndGlobalSection
	GlobalSection(ExtensibilityGlobals) = postSolution
		SolutionGuid = {3FC479A6-09E4-4616-A6FC-2EB8CCF40F89}
	EndGlobalSection
EndGlobal
