
Microsoft Visual Studio Solution File, Format Version 12.00
# Visual Studio 14
VisualStudioVersion = 14.0.25420.1
MinimumVisualStudioVersion = 10.0.40219.1
Project("{FAE04EC0-301F-11D3-BF4B-00C04F79EFBC}") = "ApplicationErrorCode", "ApplicationErrorCode\ApplicationErrorCode.csproj", "{67A40462-906D-46CC-B602-89DA0AD25785}"
EndProject
Project("{FAE04EC0-301F-11D3-BF4B-00C04F79EFBC}") = "CommandLineArguments", "CommandLineArguments\CommandLineArguments.csproj", "{1E71E39C-4F36-4B09-B206-4F2CE35E91D3}"
EndProject
Project("{FAE04EC0-301F-11D3-BF4B-00C04F79EFBC}") = "FormattingNumericalData", "FormattingNumericalData\FormattingNumericalData.csproj", "{24D74AC4-2B20-420D-98F3-6861CFED857B}"
EndProject
Project("{FAE04EC0-301F-11D3-BF4B-00C04F79EFBC}") = "GetNumberWithoutConvertOrParse", "GetNumberWithoutConvertOrParse\GetNumberWithoutConvertOrParse.csproj", "{396BB6E8-7DFD-4244-B95D-BC28D8BD99E4}"
EndProject
Project("{FAE04EC0-301F-11D3-BF4B-00C04F79EFBC}") = "GoBot", "GoBot\GoBot.csproj", "{6D2D133A-3E0B-4860-B269-F192DC142999}"
EndProject
Project("{FAE04EC0-301F-11D3-BF4B-00C04F79EFBC}") = "Dices", "Dices\Dices.csproj", "{6EC4911D-DF67-4E36-BD60-B271BE4D198A}"
EndProject
Project("{FAE04EC0-301F-11D3-BF4B-00C04F79EFBC}") = "MultiplyBigIntegers", "MultiplyBigIntegers\MultiplyBigIntegers.csproj", "{2A781C37-6EB2-4DFF-BB69-912492093343}"
EndProject
Project("{FAE04EC0-301F-11D3-BF4B-00C04F79EFBC}") = "TestsOfAllKinds", "TestsOfAllKinds\TestsOfAllKinds.csproj", "{2327BE12-F0EC-4FB8-B410-B5020F11B351}"
EndProject
Project("{FAE04EC0-301F-11D3-BF4B-00C04F79EFBC}") = "Template", "Template\Template.csproj", "{7D4966B8-3F18-48D9-ABC2-5A19E3FAF4C6}"
EndProject
Project("{FAE04EC0-301F-11D3-BF4B-00C04F79EFBC}") = "TestWebApi", "TestWebApi\TestWebApi.csproj", "{47A35737-D8F0-4782-9F93-655824FEFD00}"
EndProject
Global
	GlobalSection(SolutionConfigurationPlatforms) = preSolution
		Debug|Any CPU = Debug|Any CPU
		Release|Any CPU = Release|Any CPU
	EndGlobalSection
	GlobalSection(ProjectConfigurationPlatforms) = postSolution
		{67A40462-906D-46CC-B602-89DA0AD25785}.Debug|Any CPU.ActiveCfg = Debug|Any CPU
		{67A40462-906D-46CC-B602-89DA0AD25785}.Debug|Any CPU.Build.0 = Debug|Any CPU
		{67A40462-906D-46CC-B602-89DA0AD25785}.Release|Any CPU.ActiveCfg = Release|Any CPU
		{67A40462-906D-46CC-B602-89DA0AD25785}.Release|Any CPU.Build.0 = Release|Any CPU
		{1E71E39C-4F36-4B09-B206-4F2CE35E91D3}.Debug|Any CPU.ActiveCfg = Debug|Any CPU
		{1E71E39C-4F36-4B09-B206-4F2CE35E91D3}.Debug|Any CPU.Build.0 = Debug|Any CPU
		{1E71E39C-4F36-4B09-B206-4F2CE35E91D3}.Release|Any CPU.ActiveCfg = Release|Any CPU
		{1E71E39C-4F36-4B09-B206-4F2CE35E91D3}.Release|Any CPU.Build.0 = Release|Any CPU
		{24D74AC4-2B20-420D-98F3-6861CFED857B}.Debug|Any CPU.ActiveCfg = Debug|Any CPU
		{24D74AC4-2B20-420D-98F3-6861CFED857B}.Debug|Any CPU.Build.0 = Debug|Any CPU
		{24D74AC4-2B20-420D-98F3-6861CFED857B}.Release|Any CPU.ActiveCfg = Release|Any CPU
		{24D74AC4-2B20-420D-98F3-6861CFED857B}.Release|Any CPU.Build.0 = Release|Any CPU
		{396BB6E8-7DFD-4244-B95D-BC28D8BD99E4}.Debug|Any CPU.ActiveCfg = Debug|Any CPU
		{396BB6E8-7DFD-4244-B95D-BC28D8BD99E4}.Debug|Any CPU.Build.0 = Debug|Any CPU
		{396BB6E8-7DFD-4244-B95D-BC28D8BD99E4}.Release|Any CPU.ActiveCfg = Release|Any CPU
		{396BB6E8-7DFD-4244-B95D-BC28D8BD99E4}.Release|Any CPU.Build.0 = Release|Any CPU
		{6D2D133A-3E0B-4860-B269-F192DC142999}.Debug|Any CPU.ActiveCfg = Debug|Any CPU
		{6D2D133A-3E0B-4860-B269-F192DC142999}.Debug|Any CPU.Build.0 = Debug|Any CPU
		{6D2D133A-3E0B-4860-B269-F192DC142999}.Release|Any CPU.ActiveCfg = Release|Any CPU
		{6D2D133A-3E0B-4860-B269-F192DC142999}.Release|Any CPU.Build.0 = Release|Any CPU
		{6EC4911D-DF67-4E36-BD60-B271BE4D198A}.Debug|Any CPU.ActiveCfg = Debug|Any CPU
		{6EC4911D-DF67-4E36-BD60-B271BE4D198A}.Debug|Any CPU.Build.0 = Debug|Any CPU
		{6EC4911D-DF67-4E36-BD60-B271BE4D198A}.Release|Any CPU.ActiveCfg = Release|Any CPU
		{6EC4911D-DF67-4E36-BD60-B271BE4D198A}.Release|Any CPU.Build.0 = Release|Any CPU
		{2A781C37-6EB2-4DFF-BB69-912492093343}.Debug|Any CPU.ActiveCfg = Debug|Any CPU
		{2A781C37-6EB2-4DFF-BB69-912492093343}.Debug|Any CPU.Build.0 = Debug|Any CPU
		{2A781C37-6EB2-4DFF-BB69-912492093343}.Release|Any CPU.ActiveCfg = Release|Any CPU
		{2A781C37-6EB2-4DFF-BB69-912492093343}.Release|Any CPU.Build.0 = Release|Any CPU
		{2327BE12-F0EC-4FB8-B410-B5020F11B351}.Debug|Any CPU.ActiveCfg = Debug|Any CPU
		{2327BE12-F0EC-4FB8-B410-B5020F11B351}.Debug|Any CPU.Build.0 = Debug|Any CPU
		{2327BE12-F0EC-4FB8-B410-B5020F11B351}.Release|Any CPU.ActiveCfg = Release|Any CPU
		{2327BE12-F0EC-4FB8-B410-B5020F11B351}.Release|Any CPU.Build.0 = Release|Any CPU
		{7D4966B8-3F18-48D9-ABC2-5A19E3FAF4C6}.Debug|Any CPU.ActiveCfg = Debug|Any CPU
		{7D4966B8-3F18-48D9-ABC2-5A19E3FAF4C6}.Debug|Any CPU.Build.0 = Debug|Any CPU
		{7D4966B8-3F18-48D9-ABC2-5A19E3FAF4C6}.Release|Any CPU.ActiveCfg = Release|Any CPU
		{7D4966B8-3F18-48D9-ABC2-5A19E3FAF4C6}.Release|Any CPU.Build.0 = Release|Any CPU
		{47A35737-D8F0-4782-9F93-655824FEFD00}.Debug|Any CPU.ActiveCfg = Debug|Any CPU
		{47A35737-D8F0-4782-9F93-655824FEFD00}.Debug|Any CPU.Build.0 = Debug|Any CPU
		{47A35737-D8F0-4782-9F93-655824FEFD00}.Release|Any CPU.ActiveCfg = Release|Any CPU
		{47A35737-D8F0-4782-9F93-655824FEFD00}.Release|Any CPU.Build.0 = Release|Any CPU
	EndGlobalSection
	GlobalSection(SolutionProperties) = preSolution
		HideSolutionNode = FALSE
	EndGlobalSection
EndGlobal
