
Microsoft Visual Studio Solution File, Format Version 12.00
# Visual Studio 14
VisualStudioVersion = 14.0.25420.1
MinimumVisualStudioVersion = 10.0.40219.1
Project("{FAE04EC0-301F-11D3-BF4B-00C04F79EFBC}") = "NumericalDataTypes", "NumericalDataTypes\NumericalDataTypes.csproj", "{E27218C4-CFB9-4794-BE79-630884643ABF}"
EndProject
Project("{FAE04EC0-301F-11D3-BF4B-00C04F79EFBC}") = "CheckedUnchecked", "CheckedUnchecked\CheckedUnchecked.csproj", "{4C445248-B807-481F-8C03-B05F878A05BB}"
EndProject
Global
	GlobalSection(SolutionConfigurationPlatforms) = preSolution
		Debug|Any CPU = Debug|Any CPU
		Release|Any CPU = Release|Any CPU
	EndGlobalSection
	GlobalSection(ProjectConfigurationPlatforms) = postSolution
		{E27218C4-CFB9-4794-BE79-630884643ABF}.Debug|Any CPU.ActiveCfg = Debug|Any CPU
		{E27218C4-CFB9-4794-BE79-630884643ABF}.Debug|Any CPU.Build.0 = Debug|Any CPU
		{E27218C4-CFB9-4794-BE79-630884643ABF}.Release|Any CPU.ActiveCfg = Release|Any CPU
		{E27218C4-CFB9-4794-BE79-630884643ABF}.Release|Any CPU.Build.0 = Release|Any CPU
		{4C445248-B807-481F-8C03-B05F878A05BB}.Debug|Any CPU.ActiveCfg = Debug|Any CPU
		{4C445248-B807-481F-8C03-B05F878A05BB}.Debug|Any CPU.Build.0 = Debug|Any CPU
		{4C445248-B807-481F-8C03-B05F878A05BB}.Release|Any CPU.ActiveCfg = Release|Any CPU
		{4C445248-B807-481F-8C03-B05F878A05BB}.Release|Any CPU.Build.0 = Release|Any CPU
	EndGlobalSection
	GlobalSection(SolutionProperties) = preSolution
		HideSolutionNode = FALSE
	EndGlobalSection
EndGlobal
