
Microsoft Visual Studio Solution File, Format Version 12.00
# Visual Studio 15
VisualStudioVersion = 15.0.26730.3
MinimumVisualStudioVersion = 10.0.40219.1
Project("{FAE04EC0-301F-11D3-BF4B-00C04F79EFBC}") = "Client1", "Client1\Client1.csproj", "{83B5987F-789D-4C2C-B5C3-6F2FB5150B4C}"
EndProject
Project("{FAE04EC0-301F-11D3-BF4B-00C04F79EFBC}") = "Producer", "Producer\Producer.csproj", "{117F200D-D3C4-4F88-9910-5A8BCA62BD86}"
EndProject
Project("{FAE04EC0-301F-11D3-BF4B-00C04F79EFBC}") = "Client2", "Client2\Client2.csproj", "{C2C399D0-097B-4628-A59D-5B25876B5BC6}"
EndProject
Project("{FAE04EC0-301F-11D3-BF4B-00C04F79EFBC}") = "Client3_new_task", "Client3_new_task\Client3_new_task.csproj", "{5C5A21EE-9F2A-4936-B2AC-E3767C4397F7}"
EndProject
Global
	GlobalSection(SolutionConfigurationPlatforms) = preSolution
		Debug|Any CPU = Debug|Any CPU
		Release|Any CPU = Release|Any CPU
	EndGlobalSection
	GlobalSection(ProjectConfigurationPlatforms) = postSolution
		{83B5987F-789D-4C2C-B5C3-6F2FB5150B4C}.Debug|Any CPU.ActiveCfg = Debug|Any CPU
		{83B5987F-789D-4C2C-B5C3-6F2FB5150B4C}.Debug|Any CPU.Build.0 = Debug|Any CPU
		{83B5987F-789D-4C2C-B5C3-6F2FB5150B4C}.Release|Any CPU.ActiveCfg = Release|Any CPU
		{83B5987F-789D-4C2C-B5C3-6F2FB5150B4C}.Release|Any CPU.Build.0 = Release|Any CPU
		{117F200D-D3C4-4F88-9910-5A8BCA62BD86}.Debug|Any CPU.ActiveCfg = Debug|Any CPU
		{117F200D-D3C4-4F88-9910-5A8BCA62BD86}.Debug|Any CPU.Build.0 = Debug|Any CPU
		{117F200D-D3C4-4F88-9910-5A8BCA62BD86}.Release|Any CPU.ActiveCfg = Release|Any CPU
		{117F200D-D3C4-4F88-9910-5A8BCA62BD86}.Release|Any CPU.Build.0 = Release|Any CPU
		{C2C399D0-097B-4628-A59D-5B25876B5BC6}.Debug|Any CPU.ActiveCfg = Debug|Any CPU
		{C2C399D0-097B-4628-A59D-5B25876B5BC6}.Debug|Any CPU.Build.0 = Debug|Any CPU
		{C2C399D0-097B-4628-A59D-5B25876B5BC6}.Release|Any CPU.ActiveCfg = Release|Any CPU
		{C2C399D0-097B-4628-A59D-5B25876B5BC6}.Release|Any CPU.Build.0 = Release|Any CPU
		{5C5A21EE-9F2A-4936-B2AC-E3767C4397F7}.Debug|Any CPU.ActiveCfg = Debug|Any CPU
		{5C5A21EE-9F2A-4936-B2AC-E3767C4397F7}.Debug|Any CPU.Build.0 = Debug|Any CPU
		{5C5A21EE-9F2A-4936-B2AC-E3767C4397F7}.Release|Any CPU.ActiveCfg = Release|Any CPU
		{5C5A21EE-9F2A-4936-B2AC-E3767C4397F7}.Release|Any CPU.Build.0 = Release|Any CPU
	EndGlobalSection
	GlobalSection(SolutionProperties) = preSolution
		HideSolutionNode = FALSE
	EndGlobalSection
	GlobalSection(ExtensibilityGlobals) = postSolution
		SolutionGuid = {772F85F5-90E7-4A37-AF82-0715C6CF1B6F}
	EndGlobalSection
EndGlobal
