
Microsoft Visual Studio Solution File, Format Version 12.00
# Visual Studio Version 17
VisualStudioVersion = 17.0.31903.59
MinimumVisualStudioVersion = 10.0.40219.1
Project("{FAE04EC0-301F-11D3-BF4B-00C04F79EFBC}") = "Playground", "Playground\Playground.csproj", "{99792D65-28C7-482F-B11B-813294E9554C}"
EndProject
Project("{FAE04EC0-301F-11D3-BF4B-00C04F79EFBC}") = "Extensions", "Extensions\Extensions.csproj", "{611D0657-605B-49D3-8B16-13F7F02499B9}"
EndProject
Global
	GlobalSection(SolutionConfigurationPlatforms) = preSolution
		Debug|Any CPU = Debug|Any CPU
		Release|Any CPU = Release|Any CPU
	EndGlobalSection
	GlobalSection(SolutionProperties) = preSolution
		HideSolutionNode = FALSE
	EndGlobalSection
	GlobalSection(ProjectConfigurationPlatforms) = postSolution
		{99792D65-28C7-482F-B11B-813294E9554C}.Debug|Any CPU.ActiveCfg = Debug|Any CPU
		{99792D65-28C7-482F-B11B-813294E9554C}.Debug|Any CPU.Build.0 = Debug|Any CPU
		{99792D65-28C7-482F-B11B-813294E9554C}.Release|Any CPU.ActiveCfg = Release|Any CPU
		{99792D65-28C7-482F-B11B-813294E9554C}.Release|Any CPU.Build.0 = Release|Any CPU
		{611D0657-605B-49D3-8B16-13F7F02499B9}.Debug|Any CPU.ActiveCfg = Debug|Any CPU
		{611D0657-605B-49D3-8B16-13F7F02499B9}.Debug|Any CPU.Build.0 = Debug|Any CPU
		{611D0657-605B-49D3-8B16-13F7F02499B9}.Release|Any CPU.ActiveCfg = Release|Any CPU
		{611D0657-605B-49D3-8B16-13F7F02499B9}.Release|Any CPU.Build.0 = Release|Any CPU
	EndGlobalSection
EndGlobal
