
Microsoft Visual Studio Solution File, Format Version 12.00
# Visual Studio 15
VisualStudioVersion = 15.0.27703.2042
MinimumVisualStudioVersion = 10.0.40219.1
Project("{FAE04EC0-301F-11D3-BF4B-00C04F79EFBC}") = "SouqScrapper", "SouqScrapper\SouqScrapper.csproj", "{E96A9C0E-B447-4072-8C06-4C3767FB1B8C}"
EndProject
Global
	GlobalSection(SolutionConfigurationPlatforms) = preSolution
		Debug|Any CPU = Debug|Any CPU
		Release|Any CPU = Release|Any CPU
	EndGlobalSection
	GlobalSection(ProjectConfigurationPlatforms) = postSolution
		{E96A9C0E-B447-4072-8C06-4C3767FB1B8C}.Debug|Any CPU.ActiveCfg = Debug|Any CPU
		{E96A9C0E-B447-4072-8C06-4C3767FB1B8C}.Debug|Any CPU.Build.0 = Debug|Any CPU
		{E96A9C0E-B447-4072-8C06-4C3767FB1B8C}.Release|Any CPU.ActiveCfg = Release|Any CPU
		{E96A9C0E-B447-4072-8C06-4C3767FB1B8C}.Release|Any CPU.Build.0 = Release|Any CPU
	EndGlobalSection
	GlobalSection(SolutionProperties) = preSolution
		HideSolutionNode = FALSE
	EndGlobalSection
	GlobalSection(ExtensibilityGlobals) = postSolution
		SolutionGuid = {79026C8F-C46D-4339-A1F0-2AEEE619459A}
	EndGlobalSection
EndGlobal
